
Microsoft Visual Studio Solution File, Format Version 12.00
# Visual Studio Version 17
VisualStudioVersion = 17.1.32210.238
MinimumVisualStudioVersion = 10.0.40219.1
Project("{FAE04EC0-301F-11D3-BF4B-00C04F79EFBC}") = "Clinic", "Clinic.csproj", "{535AE48A-6FEF-4B87-B9F5-D8E2A6437704}"
EndProject
Global
	GlobalSection(SolutionConfigurationPlatforms) = preSolution
		Debug|Any CPU = Debug|Any CPU
		Release|Any CPU = Release|Any CPU
	EndGlobalSection
	GlobalSection(ProjectConfigurationPlatforms) = postSolution
		{535AE48A-6FEF-4B87-B9F5-D8E2A6437704}.Debug|Any CPU.ActiveCfg = Debug|Any CPU
		{535AE48A-6FEF-4B87-B9F5-D8E2A6437704}.Debug|Any CPU.Build.0 = Debug|Any CPU
		{535AE48A-6FEF-4B87-B9F5-D8E2A6437704}.Release|Any CPU.ActiveCfg = Release|Any CPU
		{535AE48A-6FEF-4B87-B9F5-D8E2A6437704}.Release|Any CPU.Build.0 = Release|Any CPU
	EndGlobalSection
	GlobalSection(SolutionProperties) = preSolution
		HideSolutionNode = FALSE
	EndGlobalSection
	GlobalSection(ExtensibilityGlobals) = postSolution
		SolutionGuid = {A9E562A0-260C-4A15-8660-5B87810BEB2E}
	EndGlobalSection
EndGlobal
